
Microsoft Visual Studio Solution File, Format Version 12.00
# Visual Studio 15
VisualStudioVersion = 15.0.26124.0
MinimumVisualStudioVersion = 15.0.26124.0
Project("{2150E333-8FDC-42A3-9474-1A3956D46DE8}") = "sources", "sources", "{C1D3F9D1-E406-45E2-A9E4-DDF29A718038}"
EndProject
Project("{FAE04EC0-301F-11D3-BF4B-00C04F79EFBC}") = "WineCellar", "sources\wineCellar\WineCellar.csproj", "{FC493546-02FD-48E4-97DA-9E948B853564}"
EndProject
Project("{2150E333-8FDC-42A3-9474-1A3956D46DE8}") = "tests", "tests", "{53A2405D-C9DC-4BDB-AE91-45905FD075A2}"
EndProject
Project("{FAE04EC0-301F-11D3-BF4B-00C04F79EFBC}") = "WineCellar.Test", "tests\WineCellar.Test\WineCellar.Test.csproj", "{6A5949F8-1A44-4710-B653-4371215E8560}"
EndProject
Global
	GlobalSection(SolutionConfigurationPlatforms) = preSolution
		Debug|Any CPU = Debug|Any CPU
		Debug|x64 = Debug|x64
		Debug|x86 = Debug|x86
		Release|Any CPU = Release|Any CPU
		Release|x64 = Release|x64
		Release|x86 = Release|x86
	EndGlobalSection
	GlobalSection(SolutionProperties) = preSolution
		HideSolutionNode = FALSE
	EndGlobalSection
	GlobalSection(ProjectConfigurationPlatforms) = postSolution
		{FC493546-02FD-48E4-97DA-9E948B853564}.Debug|Any CPU.ActiveCfg = Debug|Any CPU
		{FC493546-02FD-48E4-97DA-9E948B853564}.Debug|Any CPU.Build.0 = Debug|Any CPU
		{FC493546-02FD-48E4-97DA-9E948B853564}.Debug|x64.ActiveCfg = Debug|Any CPU
		{FC493546-02FD-48E4-97DA-9E948B853564}.Debug|x64.Build.0 = Debug|Any CPU
		{FC493546-02FD-48E4-97DA-9E948B853564}.Debug|x86.ActiveCfg = Debug|Any CPU
		{FC493546-02FD-48E4-97DA-9E948B853564}.Debug|x86.Build.0 = Debug|Any CPU
		{FC493546-02FD-48E4-97DA-9E948B853564}.Release|Any CPU.ActiveCfg = Release|Any CPU
		{FC493546-02FD-48E4-97DA-9E948B853564}.Release|Any CPU.Build.0 = Release|Any CPU
		{FC493546-02FD-48E4-97DA-9E948B853564}.Release|x64.ActiveCfg = Release|Any CPU
		{FC493546-02FD-48E4-97DA-9E948B853564}.Release|x64.Build.0 = Release|Any CPU
		{FC493546-02FD-48E4-97DA-9E948B853564}.Release|x86.ActiveCfg = Release|Any CPU
		{FC493546-02FD-48E4-97DA-9E948B853564}.Release|x86.Build.0 = Release|Any CPU
		{6A5949F8-1A44-4710-B653-4371215E8560}.Debug|Any CPU.ActiveCfg = Debug|Any CPU
		{6A5949F8-1A44-4710-B653-4371215E8560}.Debug|Any CPU.Build.0 = Debug|Any CPU
		{6A5949F8-1A44-4710-B653-4371215E8560}.Debug|x64.ActiveCfg = Debug|Any CPU
		{6A5949F8-1A44-4710-B653-4371215E8560}.Debug|x64.Build.0 = Debug|Any CPU
		{6A5949F8-1A44-4710-B653-4371215E8560}.Debug|x86.ActiveCfg = Debug|Any CPU
		{6A5949F8-1A44-4710-B653-4371215E8560}.Debug|x86.Build.0 = Debug|Any CPU
		{6A5949F8-1A44-4710-B653-4371215E8560}.Release|Any CPU.ActiveCfg = Release|Any CPU
		{6A5949F8-1A44-4710-B653-4371215E8560}.Release|Any CPU.Build.0 = Release|Any CPU
		{6A5949F8-1A44-4710-B653-4371215E8560}.Release|x64.ActiveCfg = Release|Any CPU
		{6A5949F8-1A44-4710-B653-4371215E8560}.Release|x64.Build.0 = Release|Any CPU
		{6A5949F8-1A44-4710-B653-4371215E8560}.Release|x86.ActiveCfg = Release|Any CPU
		{6A5949F8-1A44-4710-B653-4371215E8560}.Release|x86.Build.0 = Release|Any CPU
	EndGlobalSection
	GlobalSection(NestedProjects) = preSolution
		{FC493546-02FD-48E4-97DA-9E948B853564} = {C1D3F9D1-E406-45E2-A9E4-DDF29A718038}
		{6A5949F8-1A44-4710-B653-4371215E8560} = {53A2405D-C9DC-4BDB-AE91-45905FD075A2}
	EndGlobalSection
EndGlobal
